{
  "version": 4,
  "terraform_version": "1.11.3",
  "serial": 3,
  "lineage": "8eff3a97-f8e4-1ce3-34ba-6e35d78259dd",
  "outputs": {},
  "resources": [
    {
      "mode": "managed",
      "type": "github_repository",
      "name": "example_repo",
      "provider": "provider[\"registry.terraform.io/hashicorp/github\"]",
      "instances": [
        {
          "schema_version": 1,
          "attributes": {
            "allow_auto_merge": false,
            "allow_merge_commit": true,
            "allow_rebase_merge": true,
            "allow_squash_merge": true,
            "allow_update_branch": false,
            "archive_on_destroy": null,
            "archived": false,
            "auto_init": null,
            "default_branch": "main",
            "delete_branch_on_merge": false,
            "description": "This repository was created using Terraform",
            "etag": "W/\"decba5d780ad012136edea783feab8ee1bcf9fbcd121ba4f61238b1e42758813\"",
            "full_name": "RohithAddanki/ims",
            "git_clone_url": "git://github.com/RohithAddanki/ims.git",
            "gitignore_template": null,
            "has_discussions": false,
            "has_downloads": false,
            "has_issues": true,
            "has_projects": true,
            "has_wiki": false,
            "homepage_url": "",
            "html_url": "https://github.com/RohithAddanki/ims",
            "http_clone_url": "https://github.com/RohithAddanki/ims.git",
            "id": "ims",
            "ignore_vulnerability_alerts_during_read": null,
            "is_template": false,
            "license_template": null,
            "merge_commit_message": "PR_TITLE",
            "merge_commit_title": "MERGE_MESSAGE",
            "name": "ims",
            "node_id": "R_kgDOOQkIzA",
            "pages": [],
            "primary_language": "",
            "private": true,
            "repo_id": 956893388,
            "security_and_analysis": [],
            "squash_merge_commit_message": "COMMIT_MESSAGES",
            "squash_merge_commit_title": "COMMIT_OR_PR_TITLE",
            "ssh_clone_url": "git@github.com:RohithAddanki/ims.git",
            "svn_url": "https://github.com/RohithAddanki/ims",
            "template": [],
            "topics": [],
            "visibility": "private",
            "vulnerability_alerts": false,
            "web_commit_signoff_required": false
          },
          "sensitive_attributes": [],
          "private": "eyJzY2hlbWFfdmVyc2lvbiI6IjEifQ=="
        }
      ]
    }
  ],
  "check_results": null
}
